
Microsoft Visual Studio Solution File, Format Version 12.00
# Visual Studio Version 16
VisualStudioVersion = 16.0.30907.101
MinimumVisualStudioVersion = 10.0.40219.1
Project("{FAE04EC0-301F-11D3-BF4B-00C04F79EFBC}") = "SQLBruter", "SQLBruter\SQLBruter.csproj", "{001772C2-7552-4787-B166-9C430DCD1AF4}"
EndProject
Global
	GlobalSection(SolutionConfigurationPlatforms) = preSolution
		Debug|Any CPU = Debug|Any CPU
		Release|Any CPU = Release|Any CPU
	EndGlobalSection
	GlobalSection(ProjectConfigurationPlatforms) = postSolution
		{001772C2-7552-4787-B166-9C430DCD1AF4}.Debug|Any CPU.ActiveCfg = Debug|Any CPU
		{001772C2-7552-4787-B166-9C430DCD1AF4}.Debug|Any CPU.Build.0 = Debug|Any CPU
		{001772C2-7552-4787-B166-9C430DCD1AF4}.Release|Any CPU.ActiveCfg = Release|Any CPU
		{001772C2-7552-4787-B166-9C430DCD1AF4}.Release|Any CPU.Build.0 = Release|Any CPU
	EndGlobalSection
	GlobalSection(SolutionProperties) = preSolution
		HideSolutionNode = FALSE
	EndGlobalSection
	GlobalSection(ExtensibilityGlobals) = postSolution
		SolutionGuid = {83044ACE-0F3D-483C-A31E-821B97C527CC}
	EndGlobalSection
EndGlobal
